
Microsoft Visual Studio Solution File, Format Version 12.00
# Visual Studio Version 17
VisualStudioVersion = 17.4.33213.308
MinimumVisualStudioVersion = 10.0.40219.1
Project("{2150E333-8FDC-42A3-9474-1A3956D46DE8}") = "src", "src", "{738DCF10-6A5D-41C3-9460-B766BCD484CD}"
EndProject
Project("{2150E333-8FDC-42A3-9474-1A3956D46DE8}") = "common", "common", "{4FE1E711-9255-4A52-BDBD-EA5A72CC9F35}"
	ProjectSection(SolutionItems) = preProject
		.gitignore = .gitignore
		readme.md = readme.md
	EndProjectSection
EndProject
Project("{2150E333-8FDC-42A3-9474-1A3956D46DE8}") = "tests", "tests", "{8AFDDB82-F7D1-47BB-A748-9A47DD6B6685}"
EndProject
Project("{9A19103F-16F7-4668-BE54-9A1E7A4F7556}") = "OzonEdu.StockApi", "src\OzonEdu.StockApi\OzonEdu.StockApi.csproj", "{A8A98137-546A-4BD0-A434-7D81FC764EE4}"
EndProject
Global
	GlobalSection(SolutionConfigurationPlatforms) = preSolution
		Debug|Any CPU = Debug|Any CPU
		Release|Any CPU = Release|Any CPU
	EndGlobalSection
	GlobalSection(ProjectConfigurationPlatforms) = postSolution
		{A8A98137-546A-4BD0-A434-7D81FC764EE4}.Debug|Any CPU.ActiveCfg = Debug|Any CPU
		{A8A98137-546A-4BD0-A434-7D81FC764EE4}.Debug|Any CPU.Build.0 = Debug|Any CPU
		{A8A98137-546A-4BD0-A434-7D81FC764EE4}.Release|Any CPU.ActiveCfg = Release|Any CPU
		{A8A98137-546A-4BD0-A434-7D81FC764EE4}.Release|Any CPU.Build.0 = Release|Any CPU
	EndGlobalSection
	GlobalSection(SolutionProperties) = preSolution
		HideSolutionNode = FALSE
	EndGlobalSection
	GlobalSection(NestedProjects) = preSolution
		{A8A98137-546A-4BD0-A434-7D81FC764EE4} = {738DCF10-6A5D-41C3-9460-B766BCD484CD}
	EndGlobalSection
	GlobalSection(ExtensibilityGlobals) = postSolution
		SolutionGuid = {22B77F12-4978-468F-BF85-CD7AE7E33650}
	EndGlobalSection
EndGlobal
